
Microsoft Visual Studio Solution File, Format Version 12.00
# Visual Studio Version 16
VisualStudioVersion = 16.0.32002.261
MinimumVisualStudioVersion = 10.0.40219.1
Project("{8BC9CEB8-8B4A-11D0-8D11-00A0C91BC942}") = "MonsterChase2", "MonsterChase2\MonsterChase2.vcxproj", "{1EAEE98A-5D10-47D1-8DED-2BAE59AF0D21}"
	ProjectSection(ProjectDependencies) = postProject
		{10A80D76-C580-4991-BA54-F5352FC6CCC4} = {10A80D76-C580-4991-BA54-F5352FC6CCC4}
		{B2AB67DE-B7FA-42BA-B060-959487392AEA} = {B2AB67DE-B7FA-42BA-B060-959487392AEA}
	EndProjectSection
EndProject
Project("{8BC9CEB8-8B4A-11D0-8D11-00A0C91BC942}") = "GLib", "GLib\GLib.vcxproj", "{B2AB67DE-B7FA-42BA-B060-959487392AEA}"
EndProject
Project("{8BC9CEB8-8B4A-11D0-8D11-00A0C91BC942}") = "Engine", "Engine\Engine.vcxproj", "{10A80D76-C580-4991-BA54-F5352FC6CCC4}"
EndProject
Global
	GlobalSection(SolutionConfigurationPlatforms) = preSolution
		Debug|x64 = Debug|x64
		Debug|x86 = Debug|x86
		Release|x64 = Release|x64
		Release|x86 = Release|x86
	EndGlobalSection
	GlobalSection(ProjectConfigurationPlatforms) = postSolution
		{1EAEE98A-5D10-47D1-8DED-2BAE59AF0D21}.Debug|x64.ActiveCfg = Debug|x64
		{1EAEE98A-5D10-47D1-8DED-2BAE59AF0D21}.Debug|x64.Build.0 = Debug|x64
		{1EAEE98A-5D10-47D1-8DED-2BAE59AF0D21}.Debug|x86.ActiveCfg = Debug|Win32
		{1EAEE98A-5D10-47D1-8DED-2BAE59AF0D21}.Debug|x86.Build.0 = Debug|Win32
		{1EAEE98A-5D10-47D1-8DED-2BAE59AF0D21}.Release|x64.ActiveCfg = Release|x64
		{1EAEE98A-5D10-47D1-8DED-2BAE59AF0D21}.Release|x64.Build.0 = Release|x64
		{1EAEE98A-5D10-47D1-8DED-2BAE59AF0D21}.Release|x86.ActiveCfg = Release|Win32
		{1EAEE98A-5D10-47D1-8DED-2BAE59AF0D21}.Release|x86.Build.0 = Release|Win32
		{B2AB67DE-B7FA-42BA-B060-959487392AEA}.Debug|x64.ActiveCfg = Debug|x64
		{B2AB67DE-B7FA-42BA-B060-959487392AEA}.Debug|x64.Build.0 = Debug|x64
		{B2AB67DE-B7FA-42BA-B060-959487392AEA}.Debug|x86.ActiveCfg = Debug|Win32
		{B2AB67DE-B7FA-42BA-B060-959487392AEA}.Debug|x86.Build.0 = Debug|Win32
		{B2AB67DE-B7FA-42BA-B060-959487392AEA}.Release|x64.ActiveCfg = Release|x64
		{B2AB67DE-B7FA-42BA-B060-959487392AEA}.Release|x64.Build.0 = Release|x64
		{B2AB67DE-B7FA-42BA-B060-959487392AEA}.Release|x86.ActiveCfg = Release|Win32
		{B2AB67DE-B7FA-42BA-B060-959487392AEA}.Release|x86.Build.0 = Release|Win32
		{10A80D76-C580-4991-BA54-F5352FC6CCC4}.Debug|x64.ActiveCfg = Debug|x64
		{10A80D76-C580-4991-BA54-F5352FC6CCC4}.Debug|x64.Build.0 = Debug|x64
		{10A80D76-C580-4991-BA54-F5352FC6CCC4}.Debug|x86.ActiveCfg = Debug|Win32
		{10A80D76-C580-4991-BA54-F5352FC6CCC4}.Debug|x86.Build.0 = Debug|Win32
		{10A80D76-C580-4991-BA54-F5352FC6CCC4}.Release|x64.ActiveCfg = Release|x64
		{10A80D76-C580-4991-BA54-F5352FC6CCC4}.Release|x64.Build.0 = Release|x64
		{10A80D76-C580-4991-BA54-F5352FC6CCC4}.Release|x86.ActiveCfg = Release|Win32
		{10A80D76-C580-4991-BA54-F5352FC6CCC4}.Release|x86.Build.0 = Release|Win32
	EndGlobalSection
	GlobalSection(SolutionProperties) = preSolution
		HideSolutionNode = FALSE
	EndGlobalSection
	GlobalSection(ExtensibilityGlobals) = postSolution
		SolutionGuid = {2D7A52A0-CBD1-4F74-A51F-0E9C69F6217D}
	EndGlobalSection
EndGlobal
