<?xml version="1.0" encoding="utf-8"?>
<Project ToolsVersion="4.0" xmlns="http://schemas.microsoft.com/developer/msbuild/2003">
  <ItemGroup>
    <Filter Include="Source Files">
      <UniqueIdentifier>{4FC737F1-C7A5-4376-A066-2A32D752A2FF}</UniqueIdentifier>
      <Extensions>cpp;c;cc;cxx;c++;cppm;ixx;def;odl;idl;hpj;bat;asm;asmx</Extensions>
    </Filter>
    <Filter Include="Header Files">
      <UniqueIdentifier>{93995380-89BD-4b04-88EB-625FBE52EBFB}</UniqueIdentifier>
      <Extensions>h;hh;hpp;hxx;h++;hm;inl;inc;ipp;xsd</Extensions>
    </Filter>
    <Filter Include="Resource Files">
      <UniqueIdentifier>{67DA6AB6-F800-4c08-8B7A-83BB121AAD01}</UniqueIdentifier>
      <Extensions>rc;ico;cur;bmp;dlg;rc2;rct;bin;rgs;gif;jpg;jpeg;jpe;resx;tiff;tif;png;wav;mfcribbon-ms</Extensions>
    </Filter>
    <Filter Include="Source Files\Math">
      <UniqueIdentifier>{2938e284-3057-4e92-b7c8-cd74f6362974}</UniqueIdentifier>
    </Filter>
    <Filter Include="Source Files\Object">
      <UniqueIdentifier>{78d1284e-89c0-4bd5-b166-537ddfa3ead0}</UniqueIdentifier>
    </Filter>
    <Filter Include="Source Files\Component">
      <UniqueIdentifier>{aea41336-3b62-4bf5-8313-5ab54167f92b}</UniqueIdentifier>
    </Filter>
    <Filter Include="Source Files\Time">
      <UniqueIdentifier>{0d2dc80a-d62f-4130-8e21-a2af8807759c}</UniqueIdentifier>
    </Filter>
    <Filter Include="Source Files\Input">
      <UniqueIdentifier>{7cdf57e2-8de5-4dde-b3c1-242aa19affa4}</UniqueIdentifier>
    </Filter>
    <Filter Include="Source Files\System">
      <UniqueIdentifier>{f6a1af37-e546-46f9-a3f6-448f72fc3ed5}</UniqueIdentifier>
    </Filter>
    <Filter Include="Source Files\FileLoader">
      <UniqueIdentifier>{2e251f8c-e957-4bea-ac80-dcfb21c7fe9a}</UniqueIdentifier>
    </Filter>
    <Filter Include="Source Files\SmartPointer">
      <UniqueIdentifier>{3247ab32-50e8-411d-bc3f-2aa7bd064701}</UniqueIdentifier>
    </Filter>
    <Filter Include="Source Files\ThirdParty">
      <UniqueIdentifier>{db5a2376-b05c-4a2d-8301-a7340b65baf2}</UniqueIdentifier>
    </Filter>
    <Filter Include="Source Files\ThirdParty\nlohmann">
      <UniqueIdentifier>{4ccff0b3-90bc-4318-9088-4869dfebc280}</UniqueIdentifier>
    </Filter>
    <Filter Include="Source Files\ThirdParty\rapidjson">
      <UniqueIdentifier>{44bc011b-8227-4006-9c80-924225562c41}</UniqueIdentifier>
    </Filter>
    <Filter Include="Source Files\ThirdParty\rapidjson\error">
      <UniqueIdentifier>{939ffed6-a0e0-4c0e-a4bf-ab1db087e2a0}</UniqueIdentifier>
    </Filter>
    <Filter Include="Source Files\ThirdParty\rapidjson\internal">
      <UniqueIdentifier>{5d5759d0-850b-4e63-b650-b0b98983987d}</UniqueIdentifier>
    </Filter>
    <Filter Include="Source Files\ThirdParty\rapidjson\msinttypes">
      <UniqueIdentifier>{224a80f1-4486-44d5-92be-f8d0288f0044}</UniqueIdentifier>
    </Filter>
  </ItemGroup>
  <ItemGroup>
    <ClCompile Include="GameEngine.cpp">
      <Filter>Source Files</Filter>
    </ClCompile>
    <ClCompile Include="Object\GameObject.cpp">
      <Filter>Source Files\Object</Filter>
    </ClCompile>
    <ClCompile Include="Math\Vector2.cpp">
      <Filter>Source Files\Math</Filter>
    </ClCompile>
    <ClCompile Include="Component\Component.cpp">
      <Filter>Source Files\Component</Filter>
    </ClCompile>
    <ClCompile Include="Component\Sprite2D.cpp">
      <Filter>Source Files\Component</Filter>
    </ClCompile>
    <ClCompile Include="Input\InputSystem.cpp">
      <Filter>Source Files\Input</Filter>
    </ClCompile>
    <ClCompile Include="System\RenderSystem.cpp">
      <Filter>Source Files\System</Filter>
    </ClCompile>
    <ClCompile Include="GameRuntime.cpp">
      <Filter>Source Files</Filter>
    </ClCompile>
    <ClCompile Include="GameWindow.cpp">
      <Filter>Source Files</Filter>
    </ClCompile>
    <ClCompile Include="FileLoader\FileLoader.cpp">
      <Filter>Source Files\FileLoader</Filter>
    </ClCompile>
    <ClCompile Include="Time\EngineTime.cpp">
      <Filter>Source Files\Time</Filter>
    </ClCompile>
    <ClCompile Include="GameWorld.cpp">
      <Filter>Source Files</Filter>
    </ClCompile>
    <ClCompile Include="Component\RigidBody2D.cpp">
      <Filter>Source Files\Component</Filter>
    </ClCompile>
    <ClCompile Include="System\PhysicsSystem.cpp">
      <Filter>Source Files\System</Filter>
    </ClCompile>
    <ClCompile Include="FileLoader\JSONParser.cpp">
      <Filter>Source Files\FileLoader</Filter>
    </ClCompile>
    <ClCompile Include="Object\ObjectGenerator.cpp">
      <Filter>Source Files\Object</Filter>
    </ClCompile>
    <ClCompile Include="Math\Vector4.cpp">
      <Filter>Source Files\Math</Filter>
    </ClCompile>
    <ClCompile Include="Math\Matrix4x4.cpp">
      <Filter>Source Files\Math</Filter>
    </ClCompile>
    <ClCompile Include="Component\BoxCollider2D.cpp">
      <Filter>Source Files\Component</Filter>
    </ClCompile>
    <ClCompile Include="System\CollisionSystem.cpp">
      <Filter>Source Files\System</Filter>
    </ClCompile>
  </ItemGroup>
  <ItemGroup>
    <ClInclude Include="GameEngine.h">
      <Filter>Source Files</Filter>
    </ClInclude>
    <ClInclude Include="Object\GameObject.h">
      <Filter>Source Files\Object</Filter>
    </ClInclude>
    <ClInclude Include="Math\Vector2.h">
      <Filter>Source Files\Math</Filter>
    </ClInclude>
    <ClInclude Include="Math\MathHelper.hpp">
      <Filter>Source Files\Math</Filter>
    </ClInclude>
    <ClInclude Include="Component\Component.h">
      <Filter>Source Files\Component</Filter>
    </ClInclude>
    <ClInclude Include="Object\GameObject_inl.h">
      <Filter>Source Files\Object</Filter>
    </ClInclude>
    <ClInclude Include="Time\EngineTime.h">
      <Filter>Source Files\Time</Filter>
    </ClInclude>
    <ClInclude Include="Component\Sprite2D.h">
      <Filter>Source Files\Component</Filter>
    </ClInclude>
    <ClInclude Include="FileLoader\FileLoader.h">
      <Filter>Source Files\FileLoader</Filter>
    </ClInclude>
    <ClInclude Include="Input\InputSystem.h">
      <Filter>Source Files\Input</Filter>
    </ClInclude>
    <ClInclude Include="Input\KeyCode.h">
      <Filter>Source Files\Input</Filter>
    </ClInclude>
    <ClInclude Include="System\RenderSystem.h">
      <Filter>Source Files\System</Filter>
    </ClInclude>
    <ClInclude Include="GameRuntime.h">
      <Filter>Source Files</Filter>
    </ClInclude>
    <ClInclude Include="GameWindow.h">
      <Filter>Source Files</Filter>
    </ClInclude>
    <ClInclude Include="GameWorld.h">
      <Filter>Source Files</Filter>
    </ClInclude>
    <ClInclude Include="Component\RigidBody2D.h">
      <Filter>Source Files\Component</Filter>
    </ClInclude>
    <ClInclude Include="System\PhysicsSystem.h">
      <Filter>Source Files\System</Filter>
    </ClInclude>
    <ClInclude Include="SmartPointer\SmartPointer.h">
      <Filter>Source Files\SmartPointer</Filter>
    </ClInclude>
    <ClInclude Include="SmartPointer\Counter.h">
      <Filter>Source Files\SmartPointer</Filter>
    </ClInclude>
    <ClInclude Include="ThirdParty\nlohmann\json.hpp">
      <Filter>Source Files\ThirdParty\nlohmann</Filter>
    </ClInclude>
    <ClInclude Include="ThirdParty\rapidjson\allocators.h">
      <Filter>Source Files\ThirdParty\rapidjson</Filter>
    </ClInclude>
    <ClInclude Include="ThirdParty\rapidjson\cursorstreamwrapper.h">
      <Filter>Source Files\ThirdParty\rapidjson</Filter>
    </ClInclude>
    <ClInclude Include="ThirdParty\rapidjson\document.h">
      <Filter>Source Files\ThirdParty\rapidjson</Filter>
    </ClInclude>
    <ClInclude Include="ThirdParty\rapidjson\encodedstream.h">
      <Filter>Source Files\ThirdParty\rapidjson</Filter>
    </ClInclude>
    <ClInclude Include="ThirdParty\rapidjson\encodings.h">
      <Filter>Source Files\ThirdParty\rapidjson</Filter>
    </ClInclude>
    <ClInclude Include="ThirdParty\rapidjson\filereadstream.h">
      <Filter>Source Files\ThirdParty\rapidjson</Filter>
    </ClInclude>
    <ClInclude Include="ThirdParty\rapidjson\filewritestream.h">
      <Filter>Source Files\ThirdParty\rapidjson</Filter>
    </ClInclude>
    <ClInclude Include="ThirdParty\rapidjson\fwd.h">
      <Filter>Source Files\ThirdParty\rapidjson</Filter>
    </ClInclude>
    <ClInclude Include="ThirdParty\rapidjson\istreamwrapper.h">
      <Filter>Source Files\ThirdParty\rapidjson</Filter>
    </ClInclude>
    <ClInclude Include="ThirdParty\rapidjson\memorybuffer.h">
      <Filter>Source Files\ThirdParty\rapidjson</Filter>
    </ClInclude>
    <ClInclude Include="ThirdParty\rapidjson\memorystream.h">
      <Filter>Source Files\ThirdParty\rapidjson</Filter>
    </ClInclude>
    <ClInclude Include="ThirdParty\rapidjson\ostreamwrapper.h">
      <Filter>Source Files\ThirdParty\rapidjson</Filter>
    </ClInclude>
    <ClInclude Include="ThirdParty\rapidjson\pointer.h">
      <Filter>Source Files\ThirdParty\rapidjson</Filter>
    </ClInclude>
    <ClInclude Include="ThirdParty\rapidjson\prettywriter.h">
      <Filter>Source Files\ThirdParty\rapidjson</Filter>
    </ClInclude>
    <ClInclude Include="ThirdParty\rapidjson\rapidjson.h">
      <Filter>Source Files\ThirdParty\rapidjson</Filter>
    </ClInclude>
    <ClInclude Include="ThirdParty\rapidjson\reader.h">
      <Filter>Source Files\ThirdParty\rapidjson</Filter>
    </ClInclude>
    <ClInclude Include="ThirdParty\rapidjson\schema.h">
      <Filter>Source Files\ThirdParty\rapidjson</Filter>
    </ClInclude>
    <ClInclude Include="ThirdParty\rapidjson\stream.h">
      <Filter>Source Files\ThirdParty\rapidjson</Filter>
    </ClInclude>
    <ClInclude Include="ThirdParty\rapidjson\stringbuffer.h">
      <Filter>Source Files\ThirdParty\rapidjson</Filter>
    </ClInclude>
    <ClInclude Include="ThirdParty\rapidjson\uri.h">
      <Filter>Source Files\ThirdParty\rapidjson</Filter>
    </ClInclude>
    <ClInclude Include="ThirdParty\rapidjson\writer.h">
      <Filter>Source Files\ThirdParty\rapidjson</Filter>
    </ClInclude>
    <ClInclude Include="ThirdParty\rapidjson\error\en.h">
      <Filter>Source Files\ThirdParty\rapidjson\error</Filter>
    </ClInclude>
    <ClInclude Include="ThirdParty\rapidjson\error\error.h">
      <Filter>Source Files\ThirdParty\rapidjson\error</Filter>
    </ClInclude>
    <ClInclude Include="ThirdParty\rapidjson\internal\biginteger.h">
      <Filter>Source Files\ThirdParty\rapidjson\internal</Filter>
    </ClInclude>
    <ClInclude Include="ThirdParty\rapidjson\internal\clzll.h">
      <Filter>Source Files\ThirdParty\rapidjson\internal</Filter>
    </ClInclude>
    <ClInclude Include="ThirdParty\rapidjson\internal\diyfp.h">
      <Filter>Source Files\ThirdParty\rapidjson\internal</Filter>
    </ClInclude>
    <ClInclude Include="ThirdParty\rapidjson\internal\dtoa.h">
      <Filter>Source Files\ThirdParty\rapidjson\internal</Filter>
    </ClInclude>
    <ClInclude Include="ThirdParty\rapidjson\internal\ieee754.h">
      <Filter>Source Files\ThirdParty\rapidjson\internal</Filter>
    </ClInclude>
    <ClInclude Include="ThirdParty\rapidjson\internal\itoa.h">
      <Filter>Source Files\ThirdParty\rapidjson\internal</Filter>
    </ClInclude>
    <ClInclude Include="ThirdParty\rapidjson\internal\meta.h">
      <Filter>Source Files\ThirdParty\rapidjson\internal</Filter>
    </ClInclude>
    <ClInclude Include="ThirdParty\rapidjson\internal\pow10.h">
      <Filter>Source Files\ThirdParty\rapidjson\internal</Filter>
    </ClInclude>
    <ClInclude Include="ThirdParty\rapidjson\internal\regex.h">
      <Filter>Source Files\ThirdParty\rapidjson\internal</Filter>
    </ClInclude>
    <ClInclude Include="ThirdParty\rapidjson\internal\stack.h">
      <Filter>Source Files\ThirdParty\rapidjson\internal</Filter>
    </ClInclude>
    <ClInclude Include="ThirdParty\rapidjson\internal\strfunc.h">
      <Filter>Source Files\ThirdParty\rapidjson\internal</Filter>
    </ClInclude>
    <ClInclude Include="ThirdParty\rapidjson\internal\strtod.h">
      <Filter>Source Files\ThirdParty\rapidjson\internal</Filter>
    </ClInclude>
    <ClInclude Include="ThirdParty\rapidjson\internal\swap.h">
      <Filter>Source Files\ThirdParty\rapidjson\internal</Filter>
    </ClInclude>
    <ClInclude Include="ThirdParty\rapidjson\msinttypes\inttypes.h">
      <Filter>Source Files\ThirdParty\rapidjson\msinttypes</Filter>
    </ClInclude>
    <ClInclude Include="ThirdParty\rapidjson\msinttypes\stdint.h">
      <Filter>Source Files\ThirdParty\rapidjson\msinttypes</Filter>
    </ClInclude>
    <ClInclude Include="FileLoader\JSONParser.h">
      <Filter>Source Files\FileLoader</Filter>
    </ClInclude>
    <ClInclude Include="Object\ObjectGenerator.h">
      <Filter>Source Files\Object</Filter>
    </ClInclude>
    <ClInclude Include="Math\Vector4.h">
      <Filter>Source Files\Math</Filter>
    </ClInclude>
    <ClInclude Include="Math\Matrix4x4.h">
      <Filter>Source Files\Math</Filter>
    </ClInclude>
    <ClInclude Include="Component\BoxCollider2D.h">
      <Filter>Source Files\Component</Filter>
    </ClInclude>
    <ClInclude Include="System\CollisionSystem.h">
      <Filter>Source Files\System</Filter>
    </ClInclude>
  </ItemGroup>
</Project>